// !$*UTF8*$!
{
	archiveVersion = 1;
	classes = {
	};
	objectVersion = 46;
	objects = {

/* Begin PBXBuildFile section */
		CC4AFE191B93B6C300C9E01B /* FormulaStyleConstraint.framework in Frameworks */ = {isa = PBXBuildFile; fileRef = CC4AFE181B93B6C300C9E01B /* FormulaStyleConstraint.framework */; };
		CC4AFE1A1B93B6C300C9E01B /* FormulaStyleConstraint.framework in Embed Frameworks */ = {isa = PBXBuildFile; fileRef = CC4AFE181B93B6C300C9E01B /* FormulaStyleConstraint.framework */; settings = {ATTRIBUTES = (CodeSignOnCopy, RemoveHeadersOnCopy, ); }; };
		CCCFF5701B93B60D0022D3C0 /* AppDelegate.swift in Sources */ = {isa = PBXBuildFile; fileRef = CCCFF56F1B93B60D0022D3C0 /* AppDelegate.swift */; };
		CCCFF5721B93B60D0022D3C0 /* ViewController.swift in Sources */ = {isa = PBXBuildFile; fileRef = CCCFF5711B93B60D0022D3C0 /* ViewController.swift */; };
		CCCFF5751B93B60D0022D3C0 /* Main.storyboard in Resources */ = {isa = PBXBuildFile; fileRef = CCCFF5731B93B60D0022D3C0 /* Main.storyboard */; };
		CCCFF5771B93B60D0022D3C0 /* Images.xcassets in Resources */ = {isa = PBXBuildFile; fileRef = CCCFF5761B93B60D0022D3C0 /* Images.xcassets */; };
		CCCFF57A1B93B60D0022D3C0 /* LaunchScreen.xib in Resources */ = {isa = PBXBuildFile; fileRef = CCCFF5781B93B60D0022D3C0 /* LaunchScreen.xib */; };
		CCCFF5861B93B60D0022D3C0 /* LayoutSampleWithFSCTests.swift in Sources */ = {isa = PBXBuildFile; fileRef = CCCFF5851B93B60D0022D3C0 /* LayoutSampleWithFSCTests.swift */; };
/* End PBXBuildFile section */

/* Begin PBXContainerItemProxy section */
		CCCFF5801B93B60D0022D3C0 /* PBXContainerItemProxy */ = {
			isa = PBXContainerItemProxy;
			containerPortal = CCCFF5621B93B60D0022D3C0 /* Project object */;
			proxyType = 1;
			remoteGlobalIDString = CCCFF5691B93B60D0022D3C0;
			remoteInfo = LayoutSampleWithFSC;
		};
/* End PBXContainerItemProxy section */

/* Begin PBXCopyFilesBuildPhase section */
		CC4AFE1B1B93B6C300C9E01B /* Embed Frameworks */ = {
			isa = PBXCopyFilesBuildPhase;
			buildActionMask = 2147483647;
			dstPath = "";
			dstSubfolderSpec = 10;
			files = (
				CC4AFE1A1B93B6C300C9E01B /* FormulaStyleConstraint.framework in Embed Frameworks */,
			);
			name = "Embed Frameworks";
			runOnlyForDeploymentPostprocessing = 0;
		};
/* End PBXCopyFilesBuildPhase section */

/* Begin PBXFileReference section */
		CC4AFE181B93B6C300C9E01B /* FormulaStyleConstraint.framework */ = {isa = PBXFileReference; lastKnownFileType = wrapper.framework; path = FormulaStyleConstraint.framework; sourceTree = "<group>"; };
		CCCFF56A1B93B60D0022D3C0 /* LayoutSampleWithFSC.app */ = {isa = PBXFileReference; explicitFileType = wrapper.application; includeInIndex = 0; path = LayoutSampleWithFSC.app; sourceTree = BUILT_PRODUCTS_DIR; };
		CCCFF56E1B93B60D0022D3C0 /* Info.plist */ = {isa = PBXFileReference; lastKnownFileType = text.plist.xml; path = Info.plist; sourceTree = "<group>"; };
		CCCFF56F1B93B60D0022D3C0 /* AppDelegate.swift */ = {isa = PBXFileReference; lastKnownFileType = sourcecode.swift; path = AppDelegate.swift; sourceTree = "<group>"; };
		CCCFF5711B93B60D0022D3C0 /* ViewController.swift */ = {isa = PBXFileReference; lastKnownFileType = sourcecode.swift; path = ViewController.swift; sourceTree = "<group>"; };
		CCCFF5741B93B60D0022D3C0 /* Base */ = {isa = PBXFileReference; lastKnownFileType = file.storyboard; name = Base; path = Base.lproj/Main.storyboard; sourceTree = "<group>"; };
		CCCFF5761B93B60D0022D3C0 /* Images.xcassets */ = {isa = PBXFileReference; lastKnownFileType = folder.assetcatalog; path = Images.xcassets; sourceTree = "<group>"; };
		CCCFF5791B93B60D0022D3C0 /* Base */ = {isa = PBXFileReference; lastKnownFileType = file.xib; name = Base; path = Base.lproj/LaunchScreen.xib; sourceTree = "<group>"; };
		CCCFF57F1B93B60D0022D3C0 /* LayoutSampleWithFSCTests.xctest */ = {isa = PBXFileReference; explicitFileType = wrapper.cfbundle; includeInIndex = 0; path = LayoutSampleWithFSCTests.xctest; sourceTree = BUILT_PRODUCTS_DIR; };
		CCCFF5841B93B60D0022D3C0 /* Info.plist */ = {isa = PBXFileReference; lastKnownFileType = text.plist.xml; path = Info.plist; sourceTree = "<group>"; };
		CCCFF5851B93B60D0022D3C0 /* LayoutSampleWithFSCTests.swift */ = {isa = PBXFileReference; lastKnownFileType = sourcecode.swift; path = LayoutSampleWithFSCTests.swift; sourceTree = "<group>"; };
/* End PBXFileReference section */

/* Begin PBXFrameworksBuildPhase section */
		CCCFF5671B93B60D0022D3C0 /* Frameworks */ = {
			isa = PBXFrameworksBuildPhase;
			buildActionMask = 2147483647;
			files = (
				CC4AFE191B93B6C300C9E01B /* FormulaStyleConstraint.framework in Frameworks */,
			);
			runOnlyForDeploymentPostprocessing = 0;
		};
		CCCFF57C1B93B60D0022D3C0 /* Frameworks */ = {
			isa = PBXFrameworksBuildPhase;
			buildActionMask = 2147483647;
			files = (
			);
			runOnlyForDeploymentPostprocessing = 0;
		};
/* End PBXFrameworksBuildPhase section */

/* Begin PBXGroup section */
		CCCFF5611B93B60D0022D3C0 = {
			isa = PBXGroup;
			children = (
				CC4AFE181B93B6C300C9E01B /* FormulaStyleConstraint.framework */,
				CCCFF56C1B93B60D0022D3C0 /* LayoutSampleWithFSC */,
				CCCFF5821B93B60D0022D3C0 /* LayoutSampleWithFSCTests */,
				CCCFF56B1B93B60D0022D3C0 /* Products */,
			);
			sourceTree = "<group>";
		};
		CCCFF56B1B93B60D0022D3C0 /* Products */ = {
			isa = PBXGroup;
			children = (
				CCCFF56A1B93B60D0022D3C0 /* LayoutSampleWithFSC.app */,
				CCCFF57F1B93B60D0022D3C0 /* LayoutSampleWithFSCTests.xctest */,
			);
			name = Products;
			sourceTree = "<group>";
		};
		CCCFF56C1B93B60D0022D3C0 /* LayoutSampleWithFSC */ = {
			isa = PBXGroup;
			children = (
				CCCFF56F1B93B60D0022D3C0 /* AppDelegate.swift */,
				CCCFF5711B93B60D0022D3C0 /* ViewController.swift */,
				CCCFF5731B93B60D0022D3C0 /* Main.storyboard */,
				CCCFF5761B93B60D0022D3C0 /* Images.xcassets */,
				CCCFF5781B93B60D0022D3C0 /* LaunchScreen.xib */,
				CCCFF56D1B93B60D0022D3C0 /* Supporting Files */,
			);
			path = LayoutSampleWithFSC;
			sourceTree = "<group>";
		};
		CCCFF56D1B93B60D0022D3C0 /* Supporting Files */ = {
			isa = PBXGroup;
			children = (
				CCCFF56E1B93B60D0022D3C0 /* Info.plist */,
			);
			name = "Supporting Files";
			sourceTree = "<group>";
		};
		CCCFF5821B93B60D0022D3C0 /* LayoutSampleWithFSCTests */ = {
			isa = PBXGroup;
			children = (
				CCCFF5851B93B60D0022D3C0 /* LayoutSampleWithFSCTests.swift */,
				CCCFF5831B93B60D0022D3C0 /* Supporting Files */,
			);
			path = LayoutSampleWithFSCTests;
			sourceTree = "<group>";
		};
		CCCFF5831B93B60D0022D3C0 /* Supporting Files */ = {
			isa = PBXGroup;
			children = (
				CCCFF5841B93B60D0022D3C0 /* Info.plist */,
			);
			name = "Supporting Files";
			sourceTree = "<group>";
		};
/* End PBXGroup section */

/* Begin PBXNativeTarget section */
		CCCFF5691B93B60D0022D3C0 /* LayoutSampleWithFSC */ = {
			isa = PBXNativeTarget;
			buildConfigurationList = CCCFF5891B93B60D0022D3C0 /* Build configuration list for PBXNativeTarget "LayoutSampleWithFSC" */;
			buildPhases = (
				CCCFF5661B93B60D0022D3C0 /* Sources */,
				CCCFF5671B93B60D0022D3C0 /* Frameworks */,
				CCCFF5681B93B60D0022D3C0 /* Resources */,
				CC4AFE1B1B93B6C300C9E01B /* Embed Frameworks */,
			);
			buildRules = (
			);
			dependencies = (
			);
			name = LayoutSampleWithFSC;
			productName = LayoutSampleWithFSC;
			productReference = CCCFF56A1B93B60D0022D3C0 /* LayoutSampleWithFSC.app */;
			productType = "com.apple.product-type.application";
		};
		CCCFF57E1B93B60D0022D3C0 /* LayoutSampleWithFSCTests */ = {
			isa = PBXNativeTarget;
			buildConfigurationList = CCCFF58C1B93B60D0022D3C0 /* Build configuration list for PBXNativeTarget "LayoutSampleWithFSCTests" */;
			buildPhases = (
				CCCFF57B1B93B60D0022D3C0 /* Sources */,
				CCCFF57C1B93B60D0022D3C0 /* Frameworks */,
				CCCFF57D1B93B60D0022D3C0 /* Resources */,
			);
			buildRules = (
			);
			dependencies = (
				CCCFF5811B93B60D0022D3C0 /* PBXTargetDependency */,
			);
			name = LayoutSampleWithFSCTests;
			productName = LayoutSampleWithFSCTests;
			productReference = CCCFF57F1B93B60D0022D3C0 /* LayoutSampleWithFSCTests.xctest */;
			productType = "com.apple.product-type.bundle.unit-test";
		};
/* End PBXNativeTarget section */

/* Begin PBXProject section */
		CCCFF5621B93B60D0022D3C0 /* Project object */ = {
			isa = PBXProject;
			attributes = {
				LastUpgradeCheck = 0640;
				ORGANIZATIONNAME = "Hisakuni Fujimoto";
				TargetAttributes = {
					CCCFF5691B93B60D0022D3C0 = {
						CreatedOnToolsVersion = 6.4;
					};
					CCCFF57E1B93B60D0022D3C0 = {
						CreatedOnToolsVersion = 6.4;
						TestTargetID = CCCFF5691B93B60D0022D3C0;
					};
				};
			};
			buildConfigurationList = CCCFF5651B93B60D0022D3C0 /* Build configuration list for PBXProject "LayoutSampleWithFSC" */;
			compatibilityVersion = "Xcode 3.2";
			developmentRegion = English;
			hasScannedForEncodings = 0;
			knownRegions = (
				en,
				Base,
			);
			mainGroup = CCCFF5611B93B60D0022D3C0;
			productRefGroup = CCCFF56B1B93B60D0022D3C0 /* Products */;
			projectDirPath = "";
			projectRoot = "";
			targets = (
				CCCFF5691B93B60D0022D3C0 /* LayoutSampleWithFSC */,
				CCCFF57E1B93B60D0022D3C0 /* LayoutSampleWithFSCTests */,
			);
		};
/* End PBXProject section */

/* Begin PBXResourcesBuildPhase section */
		CCCFF5681B93B60D0022D3C0 /* Resources */ = {
			isa = PBXResourcesBuildPhase;
			buildActionMask = 2147483647;
			files = (
				CCCFF5751B93B60D0022D3C0 /* Main.storyboard in Resources */,
				CCCFF57A1B93B60D0022D3C0 /* LaunchScreen.xib in Resources */,
				CCCFF5771B93B60D0022D3C0 /* Images.xcassets in Resources */,
			);
			runOnlyForDeploymentPostprocessing = 0;
		};
		CCCFF57D1B93B60D0022D3C0 /* Resources */ = {
			isa = PBXResourcesBuildPhase;
			buildActionMask = 2147483647;
			files = (
			);
			runOnlyForDeploymentPostprocessing = 0;
		};
/* End PBXResourcesBuildPhase section */

/* Begin PBXSourcesBuildPhase section */
		CCCFF5661B93B60D0022D3C0 /* Sources */ = {
			isa = PBXSourcesBuildPhase;
			buildActionMask = 2147483647;
			files = (
				CCCFF5721B93B60D0022D3C0 /* ViewController.swift in Sources */,
				CCCFF5701B93B60D0022D3C0 /* AppDelegate.swift in Sources */,
			);
			runOnlyForDeploymentPostprocessing = 0;
		};
		CCCFF57B1B93B60D0022D3C0 /* Sources */ = {
			isa = PBXSourcesBuildPhase;
			buildActionMask = 2147483647;
			files = (
				CCCFF5861B93B60D0022D3C0 /* LayoutSampleWithFSCTests.swift in Sources */,
			);
			runOnlyForDeploymentPostprocessing = 0;
		};
/* End PBXSourcesBuildPhase section */

/* Begin PBXTargetDependency section */
		CCCFF5811B93B60D0022D3C0 /* PBXTargetDependency */ = {
			isa = PBXTargetDependency;
			target = CCCFF5691B93B60D0022D3C0 /* LayoutSampleWithFSC */;
			targetProxy = CCCFF5801B93B60D0022D3C0 /* PBXContainerItemProxy */;
		};
/* End PBXTargetDependency section */

/* Begin PBXVariantGroup section */
		CCCFF5731B93B60D0022D3C0 /* Main.storyboard */ = {
			isa = PBXVariantGroup;
			children = (
				CCCFF5741B93B60D0022D3C0 /* Base */,
			);
			name = Main.storyboard;
			sourceTree = "<group>";
		};
		CCCFF5781B93B60D0022D3C0 /* LaunchScreen.xib */ = {
			isa = PBXVariantGroup;
			children = (
				CCCFF5791B93B60D0022D3C0 /* Base */,
			);
			name = LaunchScreen.xib;
			sourceTree = "<group>";
		};
/* End PBXVariantGroup section */

/* Begin XCBuildConfiguration section */
		CCCFF5871B93B60D0022D3C0 /* Debug */ = {
			isa = XCBuildConfiguration;
			buildSettings = {
				ALWAYS_SEARCH_USER_PATHS = NO;
				CLANG_CXX_LANGUAGE_STANDARD = "gnu++0x";
				CLANG_CXX_LIBRARY = "libc++";
				CLANG_ENABLE_MODULES = YES;
				CLANG_ENABLE_OBJC_ARC = YES;
				CLANG_WARN_BOOL_CONVERSION = YES;
				CLANG_WARN_CONSTANT_CONVERSION = YES;
				CLANG_WARN_DIRECT_OBJC_ISA_USAGE = YES_ERROR;
				CLANG_WARN_EMPTY_BODY = YES;
				CLANG_WARN_ENUM_CONVERSION = YES;
				CLANG_WARN_INT_CONVERSION = YES;
				CLANG_WARN_OBJC_ROOT_CLASS = YES_ERROR;
				CLANG_WARN_UNREACHABLE_CODE = YES;
				CLANG_WARN__DUPLICATE_METHOD_MATCH = YES;
				"CODE_SIGN_IDENTITY[sdk=iphoneos*]" = "iPhone Developer";
				COPY_PHASE_STRIP = NO;
				DEBUG_INFORMATION_FORMAT = "dwarf-with-dsym";
				ENABLE_STRICT_OBJC_MSGSEND = YES;
				GCC_C_LANGUAGE_STANDARD = gnu99;
				GCC_DYNAMIC_NO_PIC = NO;
				GCC_NO_COMMON_BLOCKS = YES;
				GCC_OPTIMIZATION_LEVEL = 0;
				GCC_PREPROCESSOR_DEFINITIONS = (
					"DEBUG=1",
					"$(inherited)",
				);
				GCC_SYMBOLS_PRIVATE_EXTERN = NO;
				GCC_WARN_64_TO_32_BIT_CONVERSION = YES;
				GCC_WARN_ABOUT_RETURN_TYPE = YES_ERROR;
				GCC_WARN_UNDECLARED_SELECTOR = YES;
				GCC_WARN_UNINITIALIZED_AUTOS = YES_AGGRESSIVE;
				GCC_WARN_UNUSED_FUNCTION = YES;
				GCC_WARN_UNUSED_VARIABLE = YES;
				IPHONEOS_DEPLOYMENT_TARGET = 8.4;
				MTL_ENABLE_DEBUG_INFO = YES;
				ONLY_ACTIVE_ARCH = YES;
				SDKROOT = iphoneos;
				SWIFT_OPTIMIZATION_LEVEL = "-Onone";
				TARGETED_DEVICE_FAMILY = "1,2";
			};
			name = Debug;
		};
		CCCFF5881B93B60D0022D3C0 /* Release */ = {
			isa = XCBuildConfiguration;
			buildSettings = {
				ALWAYS_SEARCH_USER_PATHS = NO;
				CLANG_CXX_LANGUAGE_STANDARD = "gnu++0x";
				CLANG_CXX_LIBRARY = "libc++";
				CLANG_ENABLE_MODULES = YES;
				CLANG_ENABLE_OBJC_ARC = YES;
				CLANG_WARN_BOOL_CONVERSION = YES;
				CLANG_WARN_CONSTANT_CONVERSION = YES;
				CLANG_WARN_DIRECT_OBJC_ISA_USAGE = YES_ERROR;
				CLANG_WARN_EMPTY_BODY = YES;
				CLANG_WARN_ENUM_CONVERSION = YES;
				CLANG_WARN_INT_CONVERSION = YES;
				CLANG_WARN_OBJC_ROOT_CLASS = YES_ERROR;
				CLANG_WARN_UNREACHABLE_CODE = YES;
				CLANG_WARN__DUPLICATE_METHOD_MATCH = YES;
				"CODE_SIGN_IDENTITY[sdk=iphoneos*]" = "iPhone Developer";
				COPY_PHASE_STRIP = NO;
				DEBUG_INFORMATION_FORMAT = "dwarf-with-dsym";
				ENABLE_NS_ASSERTIONS = NO;
				ENABLE_STRICT_OBJC_MSGSEND = YES;
				GCC_C_LANGUAGE_STANDARD = gnu99;
				GCC_NO_COMMON_BLOCKS = YES;
				GCC_WARN_64_TO_32_BIT_CONVERSION = YES;
				GCC_WARN_ABOUT_RETURN_TYPE = YES_ERROR;
				GCC_WARN_UNDECLARED_SELECTOR = YES;
				GCC_WARN_UNINITIALIZED_AUTOS = YES_AGGRESSIVE;
				GCC_WARN_UNUSED_FUNCTION = YES;
				GCC_WARN_UNUSED_VARIABLE = YES;
				IPHONEOS_DEPLOYMENT_TARGET = 8.4;
				MTL_ENABLE_DEBUG_INFO = NO;
				SDKROOT = iphoneos;
				TARGETED_DEVICE_FAMILY = "1,2";
				VALIDATE_PRODUCT = YES;
			};
			name = Release;
		};
		CCCFF58A1B93B60D0022D3C0 /* Debug */ = {
			isa = XCBuildConfiguration;
			buildSettings = {
				ASSETCATALOG_COMPILER_APPICON_NAME = AppIcon;
				FRAMEWORK_SEARCH_PATHS = (
					"$(inherited)",
					"$(PROJECT_DIR)",
				);
				INFOPLIST_FILE = LayoutSampleWithFSC/Info.plist;
				LD_RUNPATH_SEARCH_PATHS = "$(inherited) @executable_path/Frameworks";
				PRODUCT_NAME = "$(TARGET_NAME)";
			};
			name = Debug;
		};
		CCCFF58B1B93B60D0022D3C0 /* Release */ = {
			isa = XCBuildConfiguration;
			buildSettings = {
				ASSETCATALOG_COMPILER_APPICON_NAME = AppIcon;
				FRAMEWORK_SEARCH_PATHS = (
					"$(inherited)",
					"$(PROJECT_DIR)",
				);
				INFOPLIST_FILE = LayoutSampleWithFSC/Info.plist;
				LD_RUNPATH_SEARCH_PATHS = "$(inherited) @executable_path/Frameworks";
				PRODUCT_NAME = "$(TARGET_NAME)";
			};
			name = Release;
		};
		CCCFF58D1B93B60D0022D3C0 /* Debug */ = {
			isa = XCBuildConfiguration;
			buildSettings = {
				BUNDLE_LOADER = "$(TEST_HOST)";
				FRAMEWORK_SEARCH_PATHS = (
					"$(SDKROOT)/Developer/Library/Frameworks",
					"$(inherited)",
				);
				GCC_PREPROCESSOR_DEFINITIONS = (
					"DEBUG=1",
					"$(inherited)",
				);
				INFOPLIST_FILE = LayoutSampleWithFSCTests/Info.plist;
				LD_RUNPATH_SEARCH_PATHS = "$(inherited) @executable_path/Frameworks @loader_path/Frameworks";
				PRODUCT_NAME = "$(TARGET_NAME)";
				TEST_HOST = "$(BUILT_PRODUCTS_DIR)/LayoutSampleWithFSC.app/LayoutSampleWithFSC";
			};
			name = Debug;
		};
		CCCFF58E1B93B60D0022D3C0 /* Release */ = {
			isa = XCBuildConfiguration;
			buildSettings = {
				BUNDLE_LOADER = "$(TEST_HOST)";
				FRAMEWORK_SEARCH_PATHS = (
					"$(SDKROOT)/Developer/Library/Frameworks",
					"$(inherited)",
				);
				INFOPLIST_FILE = LayoutSampleWithFSCTests/Info.plist;
				LD_RUNPATH_SEARCH_PATHS = "$(inherited) @executable_path/Frameworks @loader_path/Frameworks";
				PRODUCT_NAME = "$(TARGET_NAME)";
				TEST_HOST = "$(BUILT_PRODUCTS_DIR)/LayoutSampleWithFSC.app/LayoutSampleWithFSC";
			};
			name = Release;
		};
/* End XCBuildConfiguration section */

/* Begin XCConfigurationList section */
		CCCFF5651B93B60D0022D3C0 /* Build configuration list for PBXProject "LayoutSampleWithFSC" */ = {
			isa = XCConfigurationList;
			buildConfigurations = (
				CCCFF5871B93B60D0022D3C0 /* Debug */,
				CCCFF5881B93B60D0022D3C0 /* Release */,
			);
			defaultConfigurationIsVisible = 0;
			defaultConfigurationName = Release;
		};
		CCCFF5891B93B60D0022D3C0 /* Build configuration list for PBXNativeTarget "LayoutSampleWithFSC" */ = {
			isa = XCConfigurationList;
			buildConfigurations = (
				CCCFF58A1B93B60D0022D3C0 /* Debug */,
				CCCFF58B1B93B60D0022D3C0 /* Release */,
			);
			defaultConfigurationIsVisible = 0;
			defaultConfigurationName = Release;
		};
		CCCFF58C1B93B60D0022D3C0 /* Build configuration list for PBXNativeTarget "LayoutSampleWithFSCTests" */ = {
			isa = XCConfigurationList;
			buildConfigurations = (
				CCCFF58D1B93B60D0022D3C0 /* Debug */,
				CCCFF58E1B93B60D0022D3C0 /* Release */,
			);
			defaultConfigurationIsVisible = 0;
			defaultConfigurationName = Release;
		};
/* End XCConfigurationList section */
	};
	rootObject = CCCFF5621B93B60D0022D3C0 /* Project object */;
}
